
Microsoft Visual Studio Solution File, Format Version 12.00
# Visual Studio 15
VisualStudioVersion = 15.0.27004.2010
MinimumVisualStudioVersion = 10.0.40219.1
Project("{8BC9CEB8-8B4A-11D0-8D11-00A0C91BC942}") = "LACompiler", "LACompiler\LACompiler.vcxproj", "{F73D52D7-04AB-40F0-AE1F-B16F755607AC}"
EndProject
Global
	GlobalSection(SolutionConfigurationPlatforms) = preSolution
		Debug|x64 = Debug|x64
		Debug|x86 = Debug|x86
		Release|x64 = Release|x64
		Release|x86 = Release|x86
	EndGlobalSection
	GlobalSection(ProjectConfigurationPlatforms) = postSolution
		{F73D52D7-04AB-40F0-AE1F-B16F755607AC}.Debug|x64.ActiveCfg = Debug|x64
		{F73D52D7-04AB-40F0-AE1F-B16F755607AC}.Debug|x64.Build.0 = Debug|x64
		{F73D52D7-04AB-40F0-AE1F-B16F755607AC}.Debug|x86.ActiveCfg = Debug|Win32
		{F73D52D7-04AB-40F0-AE1F-B16F755607AC}.Debug|x86.Build.0 = Debug|Win32
		{F73D52D7-04AB-40F0-AE1F-B16F755607AC}.Release|x64.ActiveCfg = Release|x64
		{F73D52D7-04AB-40F0-AE1F-B16F755607AC}.Release|x64.Build.0 = Release|x64
		{F73D52D7-04AB-40F0-AE1F-B16F755607AC}.Release|x86.ActiveCfg = Release|Win32
		{F73D52D7-04AB-40F0-AE1F-B16F755607AC}.Release|x86.Build.0 = Release|Win32
	EndGlobalSection
	GlobalSection(SolutionProperties) = preSolution
		HideSolutionNode = FALSE
	EndGlobalSection
	GlobalSection(ExtensibilityGlobals) = postSolution
		SolutionGuid = {36238E6F-4679-4E4B-8F80-8021D1F61D4D}
	EndGlobalSection
EndGlobal
